// !$*UTF8*$!
{
	archiveVersion = 1;
	classes = {
	};
	objectVersion = 50;
	objects = {

/* Begin PBXBuildFile section */
		6101BF31263400FA007283CD /* main.swift in Sources */ = {isa = PBXBuildFile; fileRef = 6101BF30263400FA007283CD /* main.swift */; };
		6101BF3926340174007283CD /* happy.swift in Sources */ = {isa = PBXBuildFile; fileRef = 6101BF3826340174007283CD /* happy.swift */; };
		6101BF3C26340401007283CD /* lps.swift in Sources */ = {isa = PBXBuildFile; fileRef = 6101BF3B26340401007283CD /* lps.swift */; };
		6101BF3F26341F2B007283CD /* corona.swift in Sources */ = {isa = PBXBuildFile; fileRef = 6101BF3E26341F2B007283CD /* corona.swift */; };
		6101BF422634258D007283CD /* duplicate.swift in Sources */ = {isa = PBXBuildFile; fileRef = 6101BF412634258D007283CD /* duplicate.swift */; };
		6101BF45263427BB007283CD /* patternMatch.swift in Sources */ = {isa = PBXBuildFile; fileRef = 6101BF44263427BB007283CD /* patternMatch.swift */; };
		6101BF48263444A9007283CD /* maze.swift in Sources */ = {isa = PBXBuildFile; fileRef = 6101BF47263444A9007283CD /* maze.swift */; };
		6101BF4B26344FF6007283CD /* lcs.swift in Sources */ = {isa = PBXBuildFile; fileRef = 6101BF4A26344FF6007283CD /* lcs.swift */; };
/* End PBXBuildFile section */

/* Begin PBXCopyFilesBuildPhase section */
		6101BF2B263400FA007283CD /* CopyFiles */ = {
			isa = PBXCopyFilesBuildPhase;
			buildActionMask = 2147483647;
			dstPath = /usr/share/man/man1/;
			dstSubfolderSpec = 0;
			files = (
			);
			runOnlyForDeploymentPostprocessing = 1;
		};
/* End PBXCopyFilesBuildPhase section */

/* Begin PBXFileReference section */
		6101BF2D263400FA007283CD /* FinalExamPractice */ = {isa = PBXFileReference; explicitFileType = "compiled.mach-o.executable"; includeInIndex = 0; path = FinalExamPractice; sourceTree = BUILT_PRODUCTS_DIR; };
		6101BF30263400FA007283CD /* main.swift */ = {isa = PBXFileReference; lastKnownFileType = sourcecode.swift; path = main.swift; sourceTree = "<group>"; };
		6101BF3826340174007283CD /* happy.swift */ = {isa = PBXFileReference; lastKnownFileType = sourcecode.swift; path = happy.swift; sourceTree = "<group>"; };
		6101BF3B26340401007283CD /* lps.swift */ = {isa = PBXFileReference; lastKnownFileType = sourcecode.swift; path = lps.swift; sourceTree = "<group>"; };
		6101BF3E26341F2B007283CD /* corona.swift */ = {isa = PBXFileReference; lastKnownFileType = sourcecode.swift; path = corona.swift; sourceTree = "<group>"; };
		6101BF412634258D007283CD /* duplicate.swift */ = {isa = PBXFileReference; lastKnownFileType = sourcecode.swift; path = duplicate.swift; sourceTree = "<group>"; };
		6101BF44263427BB007283CD /* patternMatch.swift */ = {isa = PBXFileReference; lastKnownFileType = sourcecode.swift; path = patternMatch.swift; sourceTree = "<group>"; };
		6101BF47263444A9007283CD /* maze.swift */ = {isa = PBXFileReference; lastKnownFileType = sourcecode.swift; path = maze.swift; sourceTree = "<group>"; };
		6101BF4A26344FF6007283CD /* lcs.swift */ = {isa = PBXFileReference; lastKnownFileType = sourcecode.swift; path = lcs.swift; sourceTree = "<group>"; };
/* End PBXFileReference section */

/* Begin PBXFrameworksBuildPhase section */
		6101BF2A263400FA007283CD /* Frameworks */ = {
			isa = PBXFrameworksBuildPhase;
			buildActionMask = 2147483647;
			files = (
			);
			runOnlyForDeploymentPostprocessing = 0;
		};
/* End PBXFrameworksBuildPhase section */

/* Begin PBXGroup section */
		6101BF24263400FA007283CD = {
			isa = PBXGroup;
			children = (
				6101BF2F263400FA007283CD /* FinalExamPractice */,
				6101BF2E263400FA007283CD /* Products */,
			);
			sourceTree = "<group>";
		};
		6101BF2E263400FA007283CD /* Products */ = {
			isa = PBXGroup;
			children = (
				6101BF2D263400FA007283CD /* FinalExamPractice */,
			);
			name = Products;
			sourceTree = "<group>";
		};
		6101BF2F263400FA007283CD /* FinalExamPractice */ = {
			isa = PBXGroup;
			children = (
				6101BF30263400FA007283CD /* main.swift */,
				6101BF47263444A9007283CD /* maze.swift */,
				6101BF4A26344FF6007283CD /* lcs.swift */,
				6101BF412634258D007283CD /* duplicate.swift */,
				6101BF44263427BB007283CD /* patternMatch.swift */,
				6101BF3826340174007283CD /* happy.swift */,
				6101BF3B26340401007283CD /* lps.swift */,
				6101BF3E26341F2B007283CD /* corona.swift */,
			);
			path = FinalExamPractice;
			sourceTree = "<group>";
		};
/* End PBXGroup section */

/* Begin PBXNativeTarget section */
		6101BF2C263400FA007283CD /* FinalExamPractice */ = {
			isa = PBXNativeTarget;
			buildConfigurationList = 6101BF34263400FA007283CD /* Build configuration list for PBXNativeTarget "FinalExamPractice" */;
			buildPhases = (
				6101BF29263400FA007283CD /* Sources */,
				6101BF2A263400FA007283CD /* Frameworks */,
				6101BF2B263400FA007283CD /* CopyFiles */,
			);
			buildRules = (
			);
			dependencies = (
			);
			name = FinalExamPractice;
			productName = FinalExamPractice;
			productReference = 6101BF2D263400FA007283CD /* FinalExamPractice */;
			productType = "com.apple.product-type.tool";
		};
/* End PBXNativeTarget section */

/* Begin PBXProject section */
		6101BF25263400FA007283CD /* Project object */ = {
			isa = PBXProject;
			attributes = {
				LastSwiftUpdateCheck = 1240;
				LastUpgradeCheck = 1240;
				TargetAttributes = {
					6101BF2C263400FA007283CD = {
						CreatedOnToolsVersion = 12.4;
					};
				};
			};
			buildConfigurationList = 6101BF28263400FA007283CD /* Build configuration list for PBXProject "FinalExamPractice" */;
			compatibilityVersion = "Xcode 9.3";
			developmentRegion = en;
			hasScannedForEncodings = 0;
			knownRegions = (
				en,
				Base,
			);
			mainGroup = 6101BF24263400FA007283CD;
			productRefGroup = 6101BF2E263400FA007283CD /* Products */;
			projectDirPath = "";
			projectRoot = "";
			targets = (
				6101BF2C263400FA007283CD /* FinalExamPractice */,
			);
		};
/* End PBXProject section */

/* Begin PBXSourcesBuildPhase section */
		6101BF29263400FA007283CD /* Sources */ = {
			isa = PBXSourcesBuildPhase;
			buildActionMask = 2147483647;
			files = (
				6101BF3926340174007283CD /* happy.swift in Sources */,
				6101BF3F26341F2B007283CD /* corona.swift in Sources */,
				6101BF48263444A9007283CD /* maze.swift in Sources */,
				6101BF45263427BB007283CD /* patternMatch.swift in Sources */,
				6101BF3C26340401007283CD /* lps.swift in Sources */,
				6101BF31263400FA007283CD /* main.swift in Sources */,
				6101BF4B26344FF6007283CD /* lcs.swift in Sources */,
				6101BF422634258D007283CD /* duplicate.swift in Sources */,
			);
			runOnlyForDeploymentPostprocessing = 0;
		};
/* End PBXSourcesBuildPhase section */

/* Begin XCBuildConfiguration section */
		6101BF32263400FA007283CD /* Debug */ = {
			isa = XCBuildConfiguration;
			buildSettings = {
				ALWAYS_SEARCH_USER_PATHS = NO;
				CLANG_ANALYZER_NONNULL = YES;
				CLANG_ANALYZER_NUMBER_OBJECT_CONVERSION = YES_AGGRESSIVE;
				CLANG_CXX_LANGUAGE_STANDARD = "gnu++14";
				CLANG_CXX_LIBRARY = "libc++";
				CLANG_ENABLE_MODULES = YES;
				CLANG_ENABLE_OBJC_ARC = YES;
				CLANG_ENABLE_OBJC_WEAK = YES;
				CLANG_WARN_BLOCK_CAPTURE_AUTORELEASING = YES;
				CLANG_WARN_BOOL_CONVERSION = YES;
				CLANG_WARN_COMMA = YES;
				CLANG_WARN_CONSTANT_CONVERSION = YES;
				CLANG_WARN_DEPRECATED_OBJC_IMPLEMENTATIONS = YES;
				CLANG_WARN_DIRECT_OBJC_ISA_USAGE = YES_ERROR;
				CLANG_WARN_DOCUMENTATION_COMMENTS = YES;
				CLANG_WARN_EMPTY_BODY = YES;
				CLANG_WARN_ENUM_CONVERSION = YES;
				CLANG_WARN_INFINITE_RECURSION = YES;
				CLANG_WARN_INT_CONVERSION = YES;
				CLANG_WARN_NON_LITERAL_NULL_CONVERSION = YES;
				CLANG_WARN_OBJC_IMPLICIT_RETAIN_SELF = YES;
				CLANG_WARN_OBJC_LITERAL_CONVERSION = YES;
				CLANG_WARN_OBJC_ROOT_CLASS = YES_ERROR;
				CLANG_WARN_QUOTED_INCLUDE_IN_FRAMEWORK_HEADER = YES;
				CLANG_WARN_RANGE_LOOP_ANALYSIS = YES;
				CLANG_WARN_STRICT_PROTOTYPES = YES;
				CLANG_WARN_SUSPICIOUS_MOVE = YES;
				CLANG_WARN_UNGUARDED_AVAILABILITY = YES_AGGRESSIVE;
				CLANG_WARN_UNREACHABLE_CODE = YES;
				CLANG_WARN__DUPLICATE_METHOD_MATCH = YES;
				COPY_PHASE_STRIP = NO;
				DEBUG_INFORMATION_FORMAT = dwarf;
				ENABLE_STRICT_OBJC_MSGSEND = YES;
				ENABLE_TESTABILITY = YES;
				GCC_C_LANGUAGE_STANDARD = gnu11;
				GCC_DYNAMIC_NO_PIC = NO;
				GCC_NO_COMMON_BLOCKS = YES;
				GCC_OPTIMIZATION_LEVEL = 0;
				GCC_PREPROCESSOR_DEFINITIONS = (
					"DEBUG=1",
					"$(inherited)",
				);
				GCC_WARN_64_TO_32_BIT_CONVERSION = YES;
				GCC_WARN_ABOUT_RETURN_TYPE = YES_ERROR;
				GCC_WARN_UNDECLARED_SELECTOR = YES;
				GCC_WARN_UNINITIALIZED_AUTOS = YES_AGGRESSIVE;
				GCC_WARN_UNUSED_FUNCTION = YES;
				GCC_WARN_UNUSED_VARIABLE = YES;
				MACOSX_DEPLOYMENT_TARGET = 11.1;
				MTL_ENABLE_DEBUG_INFO = INCLUDE_SOURCE;
				MTL_FAST_MATH = YES;
				ONLY_ACTIVE_ARCH = YES;
				SDKROOT = macosx;
				SWIFT_ACTIVE_COMPILATION_CONDITIONS = DEBUG;
				SWIFT_OPTIMIZATION_LEVEL = "-Onone";
			};
			name = Debug;
		};
		6101BF33263400FA007283CD /* Release */ = {
			isa = XCBuildConfiguration;
			buildSettings = {
				ALWAYS_SEARCH_USER_PATHS = NO;
				CLANG_ANALYZER_NONNULL = YES;
				CLANG_ANALYZER_NUMBER_OBJECT_CONVERSION = YES_AGGRESSIVE;
				CLANG_CXX_LANGUAGE_STANDARD = "gnu++14";
				CLANG_CXX_LIBRARY = "libc++";
				CLANG_ENABLE_MODULES = YES;
				CLANG_ENABLE_OBJC_ARC = YES;
				CLANG_ENABLE_OBJC_WEAK = YES;
				CLANG_WARN_BLOCK_CAPTURE_AUTORELEASING = YES;
				CLANG_WARN_BOOL_CONVERSION = YES;
				CLANG_WARN_COMMA = YES;
				CLANG_WARN_CONSTANT_CONVERSION = YES;
				CLANG_WARN_DEPRECATED_OBJC_IMPLEMENTATIONS = YES;
				CLANG_WARN_DIRECT_OBJC_ISA_USAGE = YES_ERROR;
				CLANG_WARN_DOCUMENTATION_COMMENTS = YES;
				CLANG_WARN_EMPTY_BODY = YES;
				CLANG_WARN_ENUM_CONVERSION = YES;
				CLANG_WARN_INFINITE_RECURSION = YES;
				CLANG_WARN_INT_CONVERSION = YES;
				CLANG_WARN_NON_LITERAL_NULL_CONVERSION = YES;
				CLANG_WARN_OBJC_IMPLICIT_RETAIN_SELF = YES;
				CLANG_WARN_OBJC_LITERAL_CONVERSION = YES;
				CLANG_WARN_OBJC_ROOT_CLASS = YES_ERROR;
				CLANG_WARN_QUOTED_INCLUDE_IN_FRAMEWORK_HEADER = YES;
				CLANG_WARN_RANGE_LOOP_ANALYSIS = YES;
				CLANG_WARN_STRICT_PROTOTYPES = YES;
				CLANG_WARN_SUSPICIOUS_MOVE = YES;
				CLANG_WARN_UNGUARDED_AVAILABILITY = YES_AGGRESSIVE;
				CLANG_WARN_UNREACHABLE_CODE = YES;
				CLANG_WARN__DUPLICATE_METHOD_MATCH = YES;
				COPY_PHASE_STRIP = NO;
				DEBUG_INFORMATION_FORMAT = "dwarf-with-dsym";
				ENABLE_NS_ASSERTIONS = NO;
				ENABLE_STRICT_OBJC_MSGSEND = YES;
				GCC_C_LANGUAGE_STANDARD = gnu11;
				GCC_NO_COMMON_BLOCKS = YES;
				GCC_WARN_64_TO_32_BIT_CONVERSION = YES;
				GCC_WARN_ABOUT_RETURN_TYPE = YES_ERROR;
				GCC_WARN_UNDECLARED_SELECTOR = YES;
				GCC_WARN_UNINITIALIZED_AUTOS = YES_AGGRESSIVE;
				GCC_WARN_UNUSED_FUNCTION = YES;
				GCC_WARN_UNUSED_VARIABLE = YES;
				MACOSX_DEPLOYMENT_TARGET = 11.1;
				MTL_ENABLE_DEBUG_INFO = NO;
				MTL_FAST_MATH = YES;
				SDKROOT = macosx;
				SWIFT_COMPILATION_MODE = wholemodule;
				SWIFT_OPTIMIZATION_LEVEL = "-O";
			};
			name = Release;
		};
		6101BF35263400FA007283CD /* Debug */ = {
			isa = XCBuildConfiguration;
			buildSettings = {
				CODE_SIGN_STYLE = Automatic;
				DEVELOPMENT_TEAM = 492YAQZFA9;
				ENABLE_HARDENED_RUNTIME = YES;
				PRODUCT_NAME = "$(TARGET_NAME)";
				SWIFT_VERSION = 5.0;
			};
			name = Debug;
		};
		6101BF36263400FA007283CD /* Release */ = {
			isa = XCBuildConfiguration;
			buildSettings = {
				CODE_SIGN_STYLE = Automatic;
				DEVELOPMENT_TEAM = 492YAQZFA9;
				ENABLE_HARDENED_RUNTIME = YES;
				PRODUCT_NAME = "$(TARGET_NAME)";
				SWIFT_VERSION = 5.0;
			};
			name = Release;
		};
/* End XCBuildConfiguration section */

/* Begin XCConfigurationList section */
		6101BF28263400FA007283CD /* Build configuration list for PBXProject "FinalExamPractice" */ = {
			isa = XCConfigurationList;
			buildConfigurations = (
				6101BF32263400FA007283CD /* Debug */,
				6101BF33263400FA007283CD /* Release */,
			);
			defaultConfigurationIsVisible = 0;
			defaultConfigurationName = Release;
		};
		6101BF34263400FA007283CD /* Build configuration list for PBXNativeTarget "FinalExamPractice" */ = {
			isa = XCConfigurationList;
			buildConfigurations = (
				6101BF35263400FA007283CD /* Debug */,
				6101BF36263400FA007283CD /* Release */,
			);
			defaultConfigurationIsVisible = 0;
			defaultConfigurationName = Release;
		};
/* End XCConfigurationList section */
	};
	rootObject = 6101BF25263400FA007283CD /* Project object */;
}
